
Microsoft Visual Studio Solution File, Format Version 12.00
# Visual Studio 15
VisualStudioVersion = 15.0.28307.1525
MinimumVisualStudioVersion = 10.0.40219.1
Project("{FAE04EC0-301F-11D3-BF4B-00C04F79EFBC}") = "GUI", "GUI\GUI.csproj", "{A66655E3-E0B0-4CCA-8DBC-C5D2910FDB3D}"
EndProject
Global
	GlobalSection(SolutionConfigurationPlatforms) = preSolution
		Debug|Any CPU = Debug|Any CPU
		Release|Any CPU = Release|Any CPU
	EndGlobalSection
	GlobalSection(ProjectConfigurationPlatforms) = postSolution
		{A66655E3-E0B0-4CCA-8DBC-C5D2910FDB3D}.Debug|Any CPU.ActiveCfg = Debug|Any CPU
		{A66655E3-E0B0-4CCA-8DBC-C5D2910FDB3D}.Debug|Any CPU.Build.0 = Debug|Any CPU
		{A66655E3-E0B0-4CCA-8DBC-C5D2910FDB3D}.Release|Any CPU.ActiveCfg = Release|Any CPU
		{A66655E3-E0B0-4CCA-8DBC-C5D2910FDB3D}.Release|Any CPU.Build.0 = Release|Any CPU
	EndGlobalSection
	GlobalSection(SolutionProperties) = preSolution
		HideSolutionNode = FALSE
	EndGlobalSection
	GlobalSection(ExtensibilityGlobals) = postSolution
		SolutionGuid = {C2BD103F-4AB9-4AF1-81EF-EDDDA2EAEDC5}
	EndGlobalSection
EndGlobal
